
Microsoft Visual Studio Solution File, Format Version 11.00
# Visual Studio 2010
Project("{8BC9CEB8-8B4A-11D0-8D11-00A0C91BC942}") = "json-new-test", "json-new-test\json-new-test.vcxproj", "{F8FCD668-3C8C-48B6-8D14-24B1F3ECC155}"
EndProject
Global
	GlobalSection(SolutionConfigurationPlatforms) = preSolution
		Debug|Win32 = Debug|Win32
		Release|Win32 = Release|Win32
	EndGlobalSection
	GlobalSection(ProjectConfigurationPlatforms) = postSolution
		{F8FCD668-3C8C-48B6-8D14-24B1F3ECC155}.Debug|Win32.ActiveCfg = Debug|Win32
		{F8FCD668-3C8C-48B6-8D14-24B1F3ECC155}.Debug|Win32.Build.0 = Debug|Win32
		{F8FCD668-3C8C-48B6-8D14-24B1F3ECC155}.Release|Win32.ActiveCfg = Release|Win32
		{F8FCD668-3C8C-48B6-8D14-24B1F3ECC155}.Release|Win32.Build.0 = Release|Win32
	EndGlobalSection
	GlobalSection(SolutionProperties) = preSolution
		HideSolutionNode = FALSE
	EndGlobalSection
EndGlobal
