
Microsoft Visual Studio Solution File, Format Version 9.00
# Visual Studio 2005
Project("{8BC9CEB8-8B4A-11D0-8D11-00A0C91BC942}") = "mixture_scan_test", "mixture_scan_test\mixture_scan_test.vcproj", "{4550344C-2007-4A8D-B4F4-6E0932B0CF11}"
EndProject
Project("{8BC9CEB8-8B4A-11D0-8D11-00A0C91BC942}") = "mixture_test", "mixture_test\mixture_test.vcproj", "{2C905FC2-9E14-4D94-ADE7-2278D7CC1ABB}"
EndProject
Project("{8BC9CEB8-8B4A-11D0-8D11-00A0C91BC942}") = "time_test", "time_test\time.vcproj", "{6C952693-B934-4CB9-8104-C230B6A8A8E8}"
EndProject
Project("{8BC9CEB8-8B4A-11D0-8D11-00A0C91BC942}") = "mod_test", "mod_test\mod_test.vcproj", "{EB647FE1-44AD-4503-9D96-D8A31873FE81}"
EndProject
Project("{8BC9CEB8-8B4A-11D0-8D11-00A0C91BC942}") = "tslist_test", "tslist_test\tslist_test.vcproj", "{55CAC6AC-1D87-41B1-878B-4FE16B408E64}"
EndProject
Project("{8BC9CEB8-8B4A-11D0-8D11-00A0C91BC942}") = "lambda_test", "lambda_test\lambda_test.vcproj", "{6E3D45F3-132B-46D1-9310-B734A7A9CC52}"
EndProject
Project("{8BC9CEB8-8B4A-11D0-8D11-00A0C91BC942}") = "macro_test", "macro_test\macro_test.vcproj", "{2AE85A2C-EDAB-4E93-8144-324A6D344D09}"
EndProject
Project("{8BC9CEB8-8B4A-11D0-8D11-00A0C91BC942}") = "slist_test", "slist_test\slist_test.vcproj", "{A9C74D2A-D440-4489-9122-FC9A607C9AF4}"
EndProject
Project("{8BC9CEB8-8B4A-11D0-8D11-00A0C91BC942}") = "has_test", "has_test\has_test.vcproj", "{356B0AAF-626D-4D83-95C6-951514AF384F}"
EndProject
Project("{8BC9CEB8-8B4A-11D0-8D11-00A0C91BC942}") = "tuple_test", "tuple_test\tuple_test.vcproj", "{6340294B-DC27-4CD6-80EC-B8E4E7D827CA}"
EndProject
Global
	GlobalSection(SolutionConfigurationPlatforms) = preSolution
		Debug|Win32 = Debug|Win32
		Release|Win32 = Release|Win32
	EndGlobalSection
	GlobalSection(ProjectConfigurationPlatforms) = postSolution
		{4550344C-2007-4A8D-B4F4-6E0932B0CF11}.Debug|Win32.ActiveCfg = Debug|Win32
		{4550344C-2007-4A8D-B4F4-6E0932B0CF11}.Debug|Win32.Build.0 = Debug|Win32
		{4550344C-2007-4A8D-B4F4-6E0932B0CF11}.Release|Win32.ActiveCfg = Release|Win32
		{4550344C-2007-4A8D-B4F4-6E0932B0CF11}.Release|Win32.Build.0 = Release|Win32
		{2C905FC2-9E14-4D94-ADE7-2278D7CC1ABB}.Debug|Win32.ActiveCfg = Debug|Win32
		{2C905FC2-9E14-4D94-ADE7-2278D7CC1ABB}.Debug|Win32.Build.0 = Debug|Win32
		{2C905FC2-9E14-4D94-ADE7-2278D7CC1ABB}.Release|Win32.ActiveCfg = Release|Win32
		{2C905FC2-9E14-4D94-ADE7-2278D7CC1ABB}.Release|Win32.Build.0 = Release|Win32
		{6C952693-B934-4CB9-8104-C230B6A8A8E8}.Debug|Win32.ActiveCfg = Debug|Win32
		{6C952693-B934-4CB9-8104-C230B6A8A8E8}.Debug|Win32.Build.0 = Debug|Win32
		{6C952693-B934-4CB9-8104-C230B6A8A8E8}.Release|Win32.ActiveCfg = Release|Win32
		{6C952693-B934-4CB9-8104-C230B6A8A8E8}.Release|Win32.Build.0 = Release|Win32
		{EB647FE1-44AD-4503-9D96-D8A31873FE81}.Debug|Win32.ActiveCfg = Debug|Win32
		{EB647FE1-44AD-4503-9D96-D8A31873FE81}.Debug|Win32.Build.0 = Debug|Win32
		{EB647FE1-44AD-4503-9D96-D8A31873FE81}.Release|Win32.ActiveCfg = Release|Win32
		{EB647FE1-44AD-4503-9D96-D8A31873FE81}.Release|Win32.Build.0 = Release|Win32
		{55CAC6AC-1D87-41B1-878B-4FE16B408E64}.Debug|Win32.ActiveCfg = Debug|Win32
		{55CAC6AC-1D87-41B1-878B-4FE16B408E64}.Debug|Win32.Build.0 = Debug|Win32
		{55CAC6AC-1D87-41B1-878B-4FE16B408E64}.Release|Win32.ActiveCfg = Release|Win32
		{55CAC6AC-1D87-41B1-878B-4FE16B408E64}.Release|Win32.Build.0 = Release|Win32
		{6E3D45F3-132B-46D1-9310-B734A7A9CC52}.Debug|Win32.ActiveCfg = Debug|Win32
		{6E3D45F3-132B-46D1-9310-B734A7A9CC52}.Debug|Win32.Build.0 = Debug|Win32
		{6E3D45F3-132B-46D1-9310-B734A7A9CC52}.Release|Win32.ActiveCfg = Release|Win32
		{6E3D45F3-132B-46D1-9310-B734A7A9CC52}.Release|Win32.Build.0 = Release|Win32
		{2AE85A2C-EDAB-4E93-8144-324A6D344D09}.Debug|Win32.ActiveCfg = Debug|Win32
		{2AE85A2C-EDAB-4E93-8144-324A6D344D09}.Debug|Win32.Build.0 = Debug|Win32
		{2AE85A2C-EDAB-4E93-8144-324A6D344D09}.Release|Win32.ActiveCfg = Release|Win32
		{2AE85A2C-EDAB-4E93-8144-324A6D344D09}.Release|Win32.Build.0 = Release|Win32
		{A9C74D2A-D440-4489-9122-FC9A607C9AF4}.Debug|Win32.ActiveCfg = Debug|Win32
		{A9C74D2A-D440-4489-9122-FC9A607C9AF4}.Debug|Win32.Build.0 = Debug|Win32
		{A9C74D2A-D440-4489-9122-FC9A607C9AF4}.Release|Win32.ActiveCfg = Release|Win32
		{A9C74D2A-D440-4489-9122-FC9A607C9AF4}.Release|Win32.Build.0 = Release|Win32
		{356B0AAF-626D-4D83-95C6-951514AF384F}.Debug|Win32.ActiveCfg = Debug|Win32
		{356B0AAF-626D-4D83-95C6-951514AF384F}.Debug|Win32.Build.0 = Debug|Win32
		{356B0AAF-626D-4D83-95C6-951514AF384F}.Release|Win32.ActiveCfg = Release|Win32
		{356B0AAF-626D-4D83-95C6-951514AF384F}.Release|Win32.Build.0 = Release|Win32
		{6340294B-DC27-4CD6-80EC-B8E4E7D827CA}.Debug|Win32.ActiveCfg = Debug|Win32
		{6340294B-DC27-4CD6-80EC-B8E4E7D827CA}.Debug|Win32.Build.0 = Debug|Win32
		{6340294B-DC27-4CD6-80EC-B8E4E7D827CA}.Release|Win32.ActiveCfg = Release|Win32
		{6340294B-DC27-4CD6-80EC-B8E4E7D827CA}.Release|Win32.Build.0 = Release|Win32
	EndGlobalSection
	GlobalSection(SolutionProperties) = preSolution
		HideSolutionNode = FALSE
	EndGlobalSection
EndGlobal
