
Microsoft Visual Studio Solution File, Format Version 9.00
# Visual Studio 2005
Project("{8BC9CEB8-8B4A-11D0-8D11-00A0C91BC942}") = "vecbuff_test", "vecbuff_test\vecbuff_test.vcproj", "{DAF91B6B-18DA-4236-ADC3-95BE07A66061}"
EndProject
Project("{8BC9CEB8-8B4A-11D0-8D11-00A0C91BC942}") = "path_test", "path_test\path_test.vcproj", "{0A7943B6-8207-4A00-A4C6-33C3F10D4DCF}"
EndProject
Project("{8BC9CEB8-8B4A-11D0-8D11-00A0C91BC942}") = "thread_test", "thread_test\thread_test.vcproj", "{96C3B711-19FD-40BE-B398-3F83C02371DD}"
EndProject
Project("{8BC9CEB8-8B4A-11D0-8D11-00A0C91BC942}") = "atomic_test", "atomic_test\atomic_test.vcproj", "{7F1B365E-C5D9-48A1-BB09-E9D29D2BE6FF}"
EndProject
Project("{8BC9CEB8-8B4A-11D0-8D11-00A0C91BC942}") = "circular_log_test", "circular_log_test\circular_log_test.vcproj", "{7D9F2CC1-59D9-4AD3-BEFE-0D04DE988C58}"
EndProject
Project("{8BC9CEB8-8B4A-11D0-8D11-00A0C91BC942}") = "delegate_test", "delegate_test\delegate_test.vcproj", "{07BF0319-D162-4E0B-83BC-F2770804CD84}"
EndProject
Project("{8BC9CEB8-8B4A-11D0-8D11-00A0C91BC942}") = "datetime_test", "datetime_test\datetime_test.vcproj", "{BC2B8382-CDE3-409F-AB77-E0F05333DB44}"
EndProject
Project("{8BC9CEB8-8B4A-11D0-8D11-00A0C91BC942}") = "slist_test", "slist_test\slist_test.vcproj", "{A9C74D2A-D440-4489-9122-FC9A607C9AF4}"
EndProject
Project("{8BC9CEB8-8B4A-11D0-8D11-00A0C91BC942}") = "share_memory_test", "share_memory_test\share_memory_test.vcproj", "{2D43EB14-0A66-4EDA-A940-9B940D1BB52A}"
EndProject
Project("{8BC9CEB8-8B4A-11D0-8D11-00A0C91BC942}") = "calculate", "24\24.vcproj", "{CF44410A-8A60-46C6-B9EE-80B3B2A92D4F}"
EndProject
Project("{8BC9CEB8-8B4A-11D0-8D11-00A0C91BC942}") = "array_test", "array_test\array_test.vcproj", "{1FE4E127-5751-45AD-8A00-1517D5716E20}"
EndProject
Project("{8BC9CEB8-8B4A-11D0-8D11-00A0C91BC942}") = "filekit_test", "filekit_test\filekit_test.vcproj", "{D7A81B14-8425-4AB2-8FA7-8A5339E7DAED}"
EndProject
Project("{8BC9CEB8-8B4A-11D0-8D11-00A0C91BC942}") = "endian_test", "endian_test\endian_test.vcproj", "{42869EC2-3B65-4B3F-B645-28F7BB40E221}"
EndProject
Project("{8BC9CEB8-8B4A-11D0-8D11-00A0C91BC942}") = "are_test", "are_test\are_test.vcproj", "{F852D665-4137-4A1E-87AD-03BA911A89A6}"
EndProject
Project("{8BC9CEB8-8B4A-11D0-8D11-00A0C91BC942}") = "dict_test", "dict_test\dict_test.vcproj", "{988250F2-0C35-4B2F-9194-363813AB22EC}"
EndProject
Project("{8BC9CEB8-8B4A-11D0-8D11-00A0C91BC942}") = "math_test", "math_test\math_test.vcproj", "{A3B52CC3-1D1E-484C-B3AF-634D993A5631}"
EndProject
Global
	GlobalSection(SolutionConfigurationPlatforms) = preSolution
		Debug|Win32 = Debug|Win32
		Release|Win32 = Release|Win32
	EndGlobalSection
	GlobalSection(ProjectConfigurationPlatforms) = postSolution
		{DAF91B6B-18DA-4236-ADC3-95BE07A66061}.Debug|Win32.ActiveCfg = Debug|Win32
		{DAF91B6B-18DA-4236-ADC3-95BE07A66061}.Debug|Win32.Build.0 = Debug|Win32
		{DAF91B6B-18DA-4236-ADC3-95BE07A66061}.Release|Win32.ActiveCfg = Release|Win32
		{DAF91B6B-18DA-4236-ADC3-95BE07A66061}.Release|Win32.Build.0 = Release|Win32
		{0A7943B6-8207-4A00-A4C6-33C3F10D4DCF}.Debug|Win32.ActiveCfg = Debug|Win32
		{0A7943B6-8207-4A00-A4C6-33C3F10D4DCF}.Debug|Win32.Build.0 = Debug|Win32
		{0A7943B6-8207-4A00-A4C6-33C3F10D4DCF}.Release|Win32.ActiveCfg = Release|Win32
		{0A7943B6-8207-4A00-A4C6-33C3F10D4DCF}.Release|Win32.Build.0 = Release|Win32
		{96C3B711-19FD-40BE-B398-3F83C02371DD}.Debug|Win32.ActiveCfg = Debug|Win32
		{96C3B711-19FD-40BE-B398-3F83C02371DD}.Debug|Win32.Build.0 = Debug|Win32
		{96C3B711-19FD-40BE-B398-3F83C02371DD}.Release|Win32.ActiveCfg = Release|Win32
		{96C3B711-19FD-40BE-B398-3F83C02371DD}.Release|Win32.Build.0 = Release|Win32
		{7F1B365E-C5D9-48A1-BB09-E9D29D2BE6FF}.Debug|Win32.ActiveCfg = Debug|Win32
		{7F1B365E-C5D9-48A1-BB09-E9D29D2BE6FF}.Debug|Win32.Build.0 = Debug|Win32
		{7F1B365E-C5D9-48A1-BB09-E9D29D2BE6FF}.Release|Win32.ActiveCfg = Release|Win32
		{7F1B365E-C5D9-48A1-BB09-E9D29D2BE6FF}.Release|Win32.Build.0 = Release|Win32
		{7D9F2CC1-59D9-4AD3-BEFE-0D04DE988C58}.Debug|Win32.ActiveCfg = Debug|Win32
		{7D9F2CC1-59D9-4AD3-BEFE-0D04DE988C58}.Debug|Win32.Build.0 = Debug|Win32
		{7D9F2CC1-59D9-4AD3-BEFE-0D04DE988C58}.Release|Win32.ActiveCfg = Release|Win32
		{7D9F2CC1-59D9-4AD3-BEFE-0D04DE988C58}.Release|Win32.Build.0 = Release|Win32
		{07BF0319-D162-4E0B-83BC-F2770804CD84}.Debug|Win32.ActiveCfg = Debug|Win32
		{07BF0319-D162-4E0B-83BC-F2770804CD84}.Debug|Win32.Build.0 = Debug|Win32
		{07BF0319-D162-4E0B-83BC-F2770804CD84}.Release|Win32.ActiveCfg = Release|Win32
		{07BF0319-D162-4E0B-83BC-F2770804CD84}.Release|Win32.Build.0 = Release|Win32
		{BC2B8382-CDE3-409F-AB77-E0F05333DB44}.Debug|Win32.ActiveCfg = Debug|Win32
		{BC2B8382-CDE3-409F-AB77-E0F05333DB44}.Debug|Win32.Build.0 = Debug|Win32
		{BC2B8382-CDE3-409F-AB77-E0F05333DB44}.Release|Win32.ActiveCfg = Release|Win32
		{BC2B8382-CDE3-409F-AB77-E0F05333DB44}.Release|Win32.Build.0 = Release|Win32
		{A9C74D2A-D440-4489-9122-FC9A607C9AF4}.Debug|Win32.ActiveCfg = Debug|Win32
		{A9C74D2A-D440-4489-9122-FC9A607C9AF4}.Debug|Win32.Build.0 = Debug|Win32
		{A9C74D2A-D440-4489-9122-FC9A607C9AF4}.Release|Win32.ActiveCfg = Release|Win32
		{A9C74D2A-D440-4489-9122-FC9A607C9AF4}.Release|Win32.Build.0 = Release|Win32
		{2D43EB14-0A66-4EDA-A940-9B940D1BB52A}.Debug|Win32.ActiveCfg = Debug|Win32
		{2D43EB14-0A66-4EDA-A940-9B940D1BB52A}.Debug|Win32.Build.0 = Debug|Win32
		{2D43EB14-0A66-4EDA-A940-9B940D1BB52A}.Release|Win32.ActiveCfg = Release|Win32
		{2D43EB14-0A66-4EDA-A940-9B940D1BB52A}.Release|Win32.Build.0 = Release|Win32
		{CF44410A-8A60-46C6-B9EE-80B3B2A92D4F}.Debug|Win32.ActiveCfg = Debug|Win32
		{CF44410A-8A60-46C6-B9EE-80B3B2A92D4F}.Debug|Win32.Build.0 = Debug|Win32
		{CF44410A-8A60-46C6-B9EE-80B3B2A92D4F}.Release|Win32.ActiveCfg = Release|Win32
		{CF44410A-8A60-46C6-B9EE-80B3B2A92D4F}.Release|Win32.Build.0 = Release|Win32
		{1FE4E127-5751-45AD-8A00-1517D5716E20}.Debug|Win32.ActiveCfg = Debug|Win32
		{1FE4E127-5751-45AD-8A00-1517D5716E20}.Debug|Win32.Build.0 = Debug|Win32
		{1FE4E127-5751-45AD-8A00-1517D5716E20}.Release|Win32.ActiveCfg = Release|Win32
		{1FE4E127-5751-45AD-8A00-1517D5716E20}.Release|Win32.Build.0 = Release|Win32
		{D7A81B14-8425-4AB2-8FA7-8A5339E7DAED}.Debug|Win32.ActiveCfg = Debug|Win32
		{D7A81B14-8425-4AB2-8FA7-8A5339E7DAED}.Debug|Win32.Build.0 = Debug|Win32
		{D7A81B14-8425-4AB2-8FA7-8A5339E7DAED}.Release|Win32.ActiveCfg = Release|Win32
		{D7A81B14-8425-4AB2-8FA7-8A5339E7DAED}.Release|Win32.Build.0 = Release|Win32
		{42869EC2-3B65-4B3F-B645-28F7BB40E221}.Debug|Win32.ActiveCfg = Debug|Win32
		{42869EC2-3B65-4B3F-B645-28F7BB40E221}.Debug|Win32.Build.0 = Debug|Win32
		{42869EC2-3B65-4B3F-B645-28F7BB40E221}.Release|Win32.ActiveCfg = Release|Win32
		{42869EC2-3B65-4B3F-B645-28F7BB40E221}.Release|Win32.Build.0 = Release|Win32
		{F852D665-4137-4A1E-87AD-03BA911A89A6}.Debug|Win32.ActiveCfg = Debug|Win32
		{F852D665-4137-4A1E-87AD-03BA911A89A6}.Debug|Win32.Build.0 = Debug|Win32
		{F852D665-4137-4A1E-87AD-03BA911A89A6}.Release|Win32.ActiveCfg = Release|Win32
		{F852D665-4137-4A1E-87AD-03BA911A89A6}.Release|Win32.Build.0 = Release|Win32
		{988250F2-0C35-4B2F-9194-363813AB22EC}.Debug|Win32.ActiveCfg = Debug|Win32
		{988250F2-0C35-4B2F-9194-363813AB22EC}.Debug|Win32.Build.0 = Debug|Win32
		{988250F2-0C35-4B2F-9194-363813AB22EC}.Release|Win32.ActiveCfg = Release|Win32
		{988250F2-0C35-4B2F-9194-363813AB22EC}.Release|Win32.Build.0 = Release|Win32
		{A3B52CC3-1D1E-484C-B3AF-634D993A5631}.Debug|Win32.ActiveCfg = Debug|Win32
		{A3B52CC3-1D1E-484C-B3AF-634D993A5631}.Debug|Win32.Build.0 = Debug|Win32
		{A3B52CC3-1D1E-484C-B3AF-634D993A5631}.Release|Win32.ActiveCfg = Release|Win32
		{A3B52CC3-1D1E-484C-B3AF-634D993A5631}.Release|Win32.Build.0 = Release|Win32
	EndGlobalSection
	GlobalSection(SolutionProperties) = preSolution
		HideSolutionNode = FALSE
	EndGlobalSection
EndGlobal
